// !$*UTF8*$!
{
	archiveVersion = 1;
	classes = {
	};
	objectVersion = 50;
	objects = {

/* Begin PBXBuildFile section */
		B6190E6222B34CFF00302036 /* AppDelegate.swift in Sources */ = {isa = PBXBuildFile; fileRef = B6190E6122B34CFF00302036 /* AppDelegate.swift */; };
		B6190E6722B34CFF00302036 /* Main.storyboard in Resources */ = {isa = PBXBuildFile; fileRef = B6190E6522B34CFF00302036 /* Main.storyboard */; };
		B6190E6922B34CFF00302036 /* Assets.xcassets in Resources */ = {isa = PBXBuildFile; fileRef = B6190E6822B34CFF00302036 /* Assets.xcassets */; };
		B6190E6C22B34CFF00302036 /* LaunchScreen.storyboard in Resources */ = {isa = PBXBuildFile; fileRef = B6190E6A22B34CFF00302036 /* LaunchScreen.storyboard */; };
		B6190E7722B34CFF00302036 /* HomepwnerTests.swift in Sources */ = {isa = PBXBuildFile; fileRef = B6190E7622B34CFF00302036 /* HomepwnerTests.swift */; };
		B6190E8222B34CFF00302036 /* HomepwnerUITests.swift in Sources */ = {isa = PBXBuildFile; fileRef = B6190E8122B34CFF00302036 /* HomepwnerUITests.swift */; };
		B6190E9022B34E5000302036 /* ItemsViewController.swift in Sources */ = {isa = PBXBuildFile; fileRef = B6190E8F22B34E5000302036 /* ItemsViewController.swift */; };
		B6190E9222B3512E00302036 /* Item.swift in Sources */ = {isa = PBXBuildFile; fileRef = B6190E9122B3512E00302036 /* Item.swift */; };
		B6190E9422B3759600302036 /* ItemStore.swift in Sources */ = {isa = PBXBuildFile; fileRef = B6190E9322B3759600302036 /* ItemStore.swift */; };
/* End PBXBuildFile section */

/* Begin PBXContainerItemProxy section */
		B6190E7322B34CFF00302036 /* PBXContainerItemProxy */ = {
			isa = PBXContainerItemProxy;
			containerPortal = B6190E5622B34CFF00302036 /* Project object */;
			proxyType = 1;
			remoteGlobalIDString = B6190E5D22B34CFF00302036;
			remoteInfo = Homepwner;
		};
		B6190E7E22B34CFF00302036 /* PBXContainerItemProxy */ = {
			isa = PBXContainerItemProxy;
			containerPortal = B6190E5622B34CFF00302036 /* Project object */;
			proxyType = 1;
			remoteGlobalIDString = B6190E5D22B34CFF00302036;
			remoteInfo = Homepwner;
		};
/* End PBXContainerItemProxy section */

/* Begin PBXFileReference section */
		B6190E5E22B34CFF00302036 /* Homepwner.app */ = {isa = PBXFileReference; explicitFileType = wrapper.application; includeInIndex = 0; path = Homepwner.app; sourceTree = BUILT_PRODUCTS_DIR; };
		B6190E6122B34CFF00302036 /* AppDelegate.swift */ = {isa = PBXFileReference; lastKnownFileType = sourcecode.swift; path = AppDelegate.swift; sourceTree = "<group>"; };
		B6190E6622B34CFF00302036 /* Base */ = {isa = PBXFileReference; lastKnownFileType = file.storyboard; name = Base; path = Base.lproj/Main.storyboard; sourceTree = "<group>"; };
		B6190E6822B34CFF00302036 /* Assets.xcassets */ = {isa = PBXFileReference; lastKnownFileType = folder.assetcatalog; path = Assets.xcassets; sourceTree = "<group>"; };
		B6190E6B22B34CFF00302036 /* Base */ = {isa = PBXFileReference; lastKnownFileType = file.storyboard; name = Base; path = Base.lproj/LaunchScreen.storyboard; sourceTree = "<group>"; };
		B6190E6D22B34CFF00302036 /* Info.plist */ = {isa = PBXFileReference; lastKnownFileType = text.plist.xml; path = Info.plist; sourceTree = "<group>"; };
		B6190E7222B34CFF00302036 /* HomepwnerTests.xctest */ = {isa = PBXFileReference; explicitFileType = wrapper.cfbundle; includeInIndex = 0; path = HomepwnerTests.xctest; sourceTree = BUILT_PRODUCTS_DIR; };
		B6190E7622B34CFF00302036 /* HomepwnerTests.swift */ = {isa = PBXFileReference; lastKnownFileType = sourcecode.swift; path = HomepwnerTests.swift; sourceTree = "<group>"; };
		B6190E7822B34CFF00302036 /* Info.plist */ = {isa = PBXFileReference; lastKnownFileType = text.plist.xml; path = Info.plist; sourceTree = "<group>"; };
		B6190E7D22B34CFF00302036 /* HomepwnerUITests.xctest */ = {isa = PBXFileReference; explicitFileType = wrapper.cfbundle; includeInIndex = 0; path = HomepwnerUITests.xctest; sourceTree = BUILT_PRODUCTS_DIR; };
		B6190E8122B34CFF00302036 /* HomepwnerUITests.swift */ = {isa = PBXFileReference; lastKnownFileType = sourcecode.swift; path = HomepwnerUITests.swift; sourceTree = "<group>"; };
		B6190E8322B34CFF00302036 /* Info.plist */ = {isa = PBXFileReference; lastKnownFileType = text.plist.xml; path = Info.plist; sourceTree = "<group>"; };
		B6190E8F22B34E5000302036 /* ItemsViewController.swift */ = {isa = PBXFileReference; lastKnownFileType = sourcecode.swift; path = ItemsViewController.swift; sourceTree = "<group>"; };
		B6190E9122B3512E00302036 /* Item.swift */ = {isa = PBXFileReference; lastKnownFileType = sourcecode.swift; path = Item.swift; sourceTree = "<group>"; };
		B6190E9322B3759600302036 /* ItemStore.swift */ = {isa = PBXFileReference; lastKnownFileType = sourcecode.swift; path = ItemStore.swift; sourceTree = "<group>"; };
/* End PBXFileReference section */

/* Begin PBXFrameworksBuildPhase section */
		B6190E5B22B34CFF00302036 /* Frameworks */ = {
			isa = PBXFrameworksBuildPhase;
			buildActionMask = 2147483647;
			files = (
			);
			runOnlyForDeploymentPostprocessing = 0;
		};
		B6190E6F22B34CFF00302036 /* Frameworks */ = {
			isa = PBXFrameworksBuildPhase;
			buildActionMask = 2147483647;
			files = (
			);
			runOnlyForDeploymentPostprocessing = 0;
		};
		B6190E7A22B34CFF00302036 /* Frameworks */ = {
			isa = PBXFrameworksBuildPhase;
			buildActionMask = 2147483647;
			files = (
			);
			runOnlyForDeploymentPostprocessing = 0;
		};
/* End PBXFrameworksBuildPhase section */

/* Begin PBXGroup section */
		B6190E5522B34CFF00302036 = {
			isa = PBXGroup;
			children = (
				B6190E6022B34CFF00302036 /* Homepwner */,
				B6190E7522B34CFF00302036 /* HomepwnerTests */,
				B6190E8022B34CFF00302036 /* HomepwnerUITests */,
				B6190E5F22B34CFF00302036 /* Products */,
			);
			sourceTree = "<group>";
		};
		B6190E5F22B34CFF00302036 /* Products */ = {
			isa = PBXGroup;
			children = (
				B6190E5E22B34CFF00302036 /* Homepwner.app */,
				B6190E7222B34CFF00302036 /* HomepwnerTests.xctest */,
				B6190E7D22B34CFF00302036 /* HomepwnerUITests.xctest */,
			);
			name = Products;
			sourceTree = "<group>";
		};
		B6190E6022B34CFF00302036 /* Homepwner */ = {
			isa = PBXGroup;
			children = (
				B6190E6122B34CFF00302036 /* AppDelegate.swift */,
				B6190E9322B3759600302036 /* ItemStore.swift */,
				B6190E6522B34CFF00302036 /* Main.storyboard */,
				B6190E6822B34CFF00302036 /* Assets.xcassets */,
				B6190E6A22B34CFF00302036 /* LaunchScreen.storyboard */,
				B6190E6D22B34CFF00302036 /* Info.plist */,
				B6190E8F22B34E5000302036 /* ItemsViewController.swift */,
				B6190E9122B3512E00302036 /* Item.swift */,
			);
			path = Homepwner;
			sourceTree = "<group>";
		};
		B6190E7522B34CFF00302036 /* HomepwnerTests */ = {
			isa = PBXGroup;
			children = (
				B6190E7622B34CFF00302036 /* HomepwnerTests.swift */,
				B6190E7822B34CFF00302036 /* Info.plist */,
			);
			path = HomepwnerTests;
			sourceTree = "<group>";
		};
		B6190E8022B34CFF00302036 /* HomepwnerUITests */ = {
			isa = PBXGroup;
			children = (
				B6190E8122B34CFF00302036 /* HomepwnerUITests.swift */,
				B6190E8322B34CFF00302036 /* Info.plist */,
			);
			path = HomepwnerUITests;
			sourceTree = "<group>";
		};
/* End PBXGroup section */

/* Begin PBXNativeTarget section */
		B6190E5D22B34CFF00302036 /* Homepwner */ = {
			isa = PBXNativeTarget;
			buildConfigurationList = B6190E8622B34CFF00302036 /* Build configuration list for PBXNativeTarget "Homepwner" */;
			buildPhases = (
				B6190E5A22B34CFF00302036 /* Sources */,
				B6190E5B22B34CFF00302036 /* Frameworks */,
				B6190E5C22B34CFF00302036 /* Resources */,
			);
			buildRules = (
			);
			dependencies = (
			);
			name = Homepwner;
			productName = Homepwner;
			productReference = B6190E5E22B34CFF00302036 /* Homepwner.app */;
			productType = "com.apple.product-type.application";
		};
		B6190E7122B34CFF00302036 /* HomepwnerTests */ = {
			isa = PBXNativeTarget;
			buildConfigurationList = B6190E8922B34CFF00302036 /* Build configuration list for PBXNativeTarget "HomepwnerTests" */;
			buildPhases = (
				B6190E6E22B34CFF00302036 /* Sources */,
				B6190E6F22B34CFF00302036 /* Frameworks */,
				B6190E7022B34CFF00302036 /* Resources */,
			);
			buildRules = (
			);
			dependencies = (
				B6190E7422B34CFF00302036 /* PBXTargetDependency */,
			);
			name = HomepwnerTests;
			productName = HomepwnerTests;
			productReference = B6190E7222B34CFF00302036 /* HomepwnerTests.xctest */;
			productType = "com.apple.product-type.bundle.unit-test";
		};
		B6190E7C22B34CFF00302036 /* HomepwnerUITests */ = {
			isa = PBXNativeTarget;
			buildConfigurationList = B6190E8C22B34CFF00302036 /* Build configuration list for PBXNativeTarget "HomepwnerUITests" */;
			buildPhases = (
				B6190E7922B34CFF00302036 /* Sources */,
				B6190E7A22B34CFF00302036 /* Frameworks */,
				B6190E7B22B34CFF00302036 /* Resources */,
			);
			buildRules = (
			);
			dependencies = (
				B6190E7F22B34CFF00302036 /* PBXTargetDependency */,
			);
			name = HomepwnerUITests;
			productName = HomepwnerUITests;
			productReference = B6190E7D22B34CFF00302036 /* HomepwnerUITests.xctest */;
			productType = "com.apple.product-type.bundle.ui-testing";
		};
/* End PBXNativeTarget section */

/* Begin PBXProject section */
		B6190E5622B34CFF00302036 /* Project object */ = {
			isa = PBXProject;
			attributes = {
				LastSwiftUpdateCheck = 1020;
				LastUpgradeCheck = 1020;
				ORGANIZATIONNAME = xionghao;
				TargetAttributes = {
					B6190E5D22B34CFF00302036 = {
						CreatedOnToolsVersion = 10.2;
					};
					B6190E7122B34CFF00302036 = {
						CreatedOnToolsVersion = 10.2;
						TestTargetID = B6190E5D22B34CFF00302036;
					};
					B6190E7C22B34CFF00302036 = {
						CreatedOnToolsVersion = 10.2;
						TestTargetID = B6190E5D22B34CFF00302036;
					};
				};
			};
			buildConfigurationList = B6190E5922B34CFF00302036 /* Build configuration list for PBXProject "Homepwner" */;
			compatibilityVersion = "Xcode 9.3";
			developmentRegion = en;
			hasScannedForEncodings = 0;
			knownRegions = (
				en,
				Base,
			);
			mainGroup = B6190E5522B34CFF00302036;
			productRefGroup = B6190E5F22B34CFF00302036 /* Products */;
			projectDirPath = "";
			projectRoot = "";
			targets = (
				B6190E5D22B34CFF00302036 /* Homepwner */,
				B6190E7122B34CFF00302036 /* HomepwnerTests */,
				B6190E7C22B34CFF00302036 /* HomepwnerUITests */,
			);
		};
/* End PBXProject section */

/* Begin PBXResourcesBuildPhase section */
		B6190E5C22B34CFF00302036 /* Resources */ = {
			isa = PBXResourcesBuildPhase;
			buildActionMask = 2147483647;
			files = (
				B6190E6C22B34CFF00302036 /* LaunchScreen.storyboard in Resources */,
				B6190E6922B34CFF00302036 /* Assets.xcassets in Resources */,
				B6190E6722B34CFF00302036 /* Main.storyboard in Resources */,
			);
			runOnlyForDeploymentPostprocessing = 0;
		};
		B6190E7022B34CFF00302036 /* Resources */ = {
			isa = PBXResourcesBuildPhase;
			buildActionMask = 2147483647;
			files = (
			);
			runOnlyForDeploymentPostprocessing = 0;
		};
		B6190E7B22B34CFF00302036 /* Resources */ = {
			isa = PBXResourcesBuildPhase;
			buildActionMask = 2147483647;
			files = (
			);
			runOnlyForDeploymentPostprocessing = 0;
		};
/* End PBXResourcesBuildPhase section */

/* Begin PBXSourcesBuildPhase section */
		B6190E5A22B34CFF00302036 /* Sources */ = {
			isa = PBXSourcesBuildPhase;
			buildActionMask = 2147483647;
			files = (
				B6190E9022B34E5000302036 /* ItemsViewController.swift in Sources */,
				B6190E9222B3512E00302036 /* Item.swift in Sources */,
				B6190E9422B3759600302036 /* ItemStore.swift in Sources */,
				B6190E6222B34CFF00302036 /* AppDelegate.swift in Sources */,
			);
			runOnlyForDeploymentPostprocessing = 0;
		};
		B6190E6E22B34CFF00302036 /* Sources */ = {
			isa = PBXSourcesBuildPhase;
			buildActionMask = 2147483647;
			files = (
				B6190E7722B34CFF00302036 /* HomepwnerTests.swift in Sources */,
			);
			runOnlyForDeploymentPostprocessing = 0;
		};
		B6190E7922B34CFF00302036 /* Sources */ = {
			isa = PBXSourcesBuildPhase;
			buildActionMask = 2147483647;
			files = (
				B6190E8222B34CFF00302036 /* HomepwnerUITests.swift in Sources */,
			);
			runOnlyForDeploymentPostprocessing = 0;
		};
/* End PBXSourcesBuildPhase section */

/* Begin PBXTargetDependency section */
		B6190E7422B34CFF00302036 /* PBXTargetDependency */ = {
			isa = PBXTargetDependency;
			target = B6190E5D22B34CFF00302036 /* Homepwner */;
			targetProxy = B6190E7322B34CFF00302036 /* PBXContainerItemProxy */;
		};
		B6190E7F22B34CFF00302036 /* PBXTargetDependency */ = {
			isa = PBXTargetDependency;
			target = B6190E5D22B34CFF00302036 /* Homepwner */;
			targetProxy = B6190E7E22B34CFF00302036 /* PBXContainerItemProxy */;
		};
/* End PBXTargetDependency section */

/* Begin PBXVariantGroup section */
		B6190E6522B34CFF00302036 /* Main.storyboard */ = {
			isa = PBXVariantGroup;
			children = (
				B6190E6622B34CFF00302036 /* Base */,
			);
			name = Main.storyboard;
			sourceTree = "<group>";
		};
		B6190E6A22B34CFF00302036 /* LaunchScreen.storyboard */ = {
			isa = PBXVariantGroup;
			children = (
				B6190E6B22B34CFF00302036 /* Base */,
			);
			name = LaunchScreen.storyboard;
			sourceTree = "<group>";
		};
/* End PBXVariantGroup section */

/* Begin XCBuildConfiguration section */
		B6190E8422B34CFF00302036 /* Debug */ = {
			isa = XCBuildConfiguration;
			buildSettings = {
				ALWAYS_SEARCH_USER_PATHS = NO;
				CLANG_ANALYZER_NONNULL = YES;
				CLANG_ANALYZER_NUMBER_OBJECT_CONVERSION = YES_AGGRESSIVE;
				CLANG_CXX_LANGUAGE_STANDARD = "gnu++14";
				CLANG_CXX_LIBRARY = "libc++";
				CLANG_ENABLE_MODULES = YES;
				CLANG_ENABLE_OBJC_ARC = YES;
				CLANG_ENABLE_OBJC_WEAK = YES;
				CLANG_WARN_BLOCK_CAPTURE_AUTORELEASING = YES;
				CLANG_WARN_BOOL_CONVERSION = YES;
				CLANG_WARN_COMMA = YES;
				CLANG_WARN_CONSTANT_CONVERSION = YES;
				CLANG_WARN_DEPRECATED_OBJC_IMPLEMENTATIONS = YES;
				CLANG_WARN_DIRECT_OBJC_ISA_USAGE = YES_ERROR;
				CLANG_WARN_DOCUMENTATION_COMMENTS = YES;
				CLANG_WARN_EMPTY_BODY = YES;
				CLANG_WARN_ENUM_CONVERSION = YES;
				CLANG_WARN_INFINITE_RECURSION = YES;
				CLANG_WARN_INT_CONVERSION = YES;
				CLANG_WARN_NON_LITERAL_NULL_CONVERSION = YES;
				CLANG_WARN_OBJC_IMPLICIT_RETAIN_SELF = YES;
				CLANG_WARN_OBJC_LITERAL_CONVERSION = YES;
				CLANG_WARN_OBJC_ROOT_CLASS = YES_ERROR;
				CLANG_WARN_RANGE_LOOP_ANALYSIS = YES;
				CLANG_WARN_STRICT_PROTOTYPES = YES;
				CLANG_WARN_SUSPICIOUS_MOVE = YES;
				CLANG_WARN_UNGUARDED_AVAILABILITY = YES_AGGRESSIVE;
				CLANG_WARN_UNREACHABLE_CODE = YES;
				CLANG_WARN__DUPLICATE_METHOD_MATCH = YES;
				CODE_SIGN_IDENTITY = "iPhone Developer";
				COPY_PHASE_STRIP = NO;
				DEBUG_INFORMATION_FORMAT = dwarf;
				ENABLE_STRICT_OBJC_MSGSEND = YES;
				ENABLE_TESTABILITY = YES;
				GCC_C_LANGUAGE_STANDARD = gnu11;
				GCC_DYNAMIC_NO_PIC = NO;
				GCC_NO_COMMON_BLOCKS = YES;
				GCC_OPTIMIZATION_LEVEL = 0;
				GCC_PREPROCESSOR_DEFINITIONS = (
					"DEBUG=1",
					"$(inherited)",
				);
				GCC_WARN_64_TO_32_BIT_CONVERSION = YES;
				GCC_WARN_ABOUT_RETURN_TYPE = YES_ERROR;
				GCC_WARN_UNDECLARED_SELECTOR = YES;
				GCC_WARN_UNINITIALIZED_AUTOS = YES_AGGRESSIVE;
				GCC_WARN_UNUSED_FUNCTION = YES;
				GCC_WARN_UNUSED_VARIABLE = YES;
				IPHONEOS_DEPLOYMENT_TARGET = 12.2;
				MTL_ENABLE_DEBUG_INFO = INCLUDE_SOURCE;
				MTL_FAST_MATH = YES;
				ONLY_ACTIVE_ARCH = YES;
				SDKROOT = iphoneos;
				SWIFT_ACTIVE_COMPILATION_CONDITIONS = DEBUG;
				SWIFT_OPTIMIZATION_LEVEL = "-Onone";
			};
			name = Debug;
		};
		B6190E8522B34CFF00302036 /* Release */ = {
			isa = XCBuildConfiguration;
			buildSettings = {
				ALWAYS_SEARCH_USER_PATHS = NO;
				CLANG_ANALYZER_NONNULL = YES;
				CLANG_ANALYZER_NUMBER_OBJECT_CONVERSION = YES_AGGRESSIVE;
				CLANG_CXX_LANGUAGE_STANDARD = "gnu++14";
				CLANG_CXX_LIBRARY = "libc++";
				CLANG_ENABLE_MODULES = YES;
				CLANG_ENABLE_OBJC_ARC = YES;
				CLANG_ENABLE_OBJC_WEAK = YES;
				CLANG_WARN_BLOCK_CAPTURE_AUTORELEASING = YES;
				CLANG_WARN_BOOL_CONVERSION = YES;
				CLANG_WARN_COMMA = YES;
				CLANG_WARN_CONSTANT_CONVERSION = YES;
				CLANG_WARN_DEPRECATED_OBJC_IMPLEMENTATIONS = YES;
				CLANG_WARN_DIRECT_OBJC_ISA_USAGE = YES_ERROR;
				CLANG_WARN_DOCUMENTATION_COMMENTS = YES;
				CLANG_WARN_EMPTY_BODY = YES;
				CLANG_WARN_ENUM_CONVERSION = YES;
				CLANG_WARN_INFINITE_RECURSION = YES;
				CLANG_WARN_INT_CONVERSION = YES;
				CLANG_WARN_NON_LITERAL_NULL_CONVERSION = YES;
				CLANG_WARN_OBJC_IMPLICIT_RETAIN_SELF = YES;
				CLANG_WARN_OBJC_LITERAL_CONVERSION = YES;
				CLANG_WARN_OBJC_ROOT_CLASS = YES_ERROR;
				CLANG_WARN_RANGE_LOOP_ANALYSIS = YES;
				CLANG_WARN_STRICT_PROTOTYPES = YES;
				CLANG_WARN_SUSPICIOUS_MOVE = YES;
				CLANG_WARN_UNGUARDED_AVAILABILITY = YES_AGGRESSIVE;
				CLANG_WARN_UNREACHABLE_CODE = YES;
				CLANG_WARN__DUPLICATE_METHOD_MATCH = YES;
				CODE_SIGN_IDENTITY = "iPhone Developer";
				COPY_PHASE_STRIP = NO;
				DEBUG_INFORMATION_FORMAT = "dwarf-with-dsym";
				ENABLE_NS_ASSERTIONS = NO;
				ENABLE_STRICT_OBJC_MSGSEND = YES;
				GCC_C_LANGUAGE_STANDARD = gnu11;
				GCC_NO_COMMON_BLOCKS = YES;
				GCC_WARN_64_TO_32_BIT_CONVERSION = YES;
				GCC_WARN_ABOUT_RETURN_TYPE = YES_ERROR;
				GCC_WARN_UNDECLARED_SELECTOR = YES;
				GCC_WARN_UNINITIALIZED_AUTOS = YES_AGGRESSIVE;
				GCC_WARN_UNUSED_FUNCTION = YES;
				GCC_WARN_UNUSED_VARIABLE = YES;
				IPHONEOS_DEPLOYMENT_TARGET = 12.2;
				MTL_ENABLE_DEBUG_INFO = NO;
				MTL_FAST_MATH = YES;
				SDKROOT = iphoneos;
				SWIFT_COMPILATION_MODE = wholemodule;
				SWIFT_OPTIMIZATION_LEVEL = "-O";
				VALIDATE_PRODUCT = YES;
			};
			name = Release;
		};
		B6190E8722B34CFF00302036 /* Debug */ = {
			isa = XCBuildConfiguration;
			buildSettings = {
				ASSETCATALOG_COMPILER_APPICON_NAME = AppIcon;
				CODE_SIGN_STYLE = Automatic;
				DEVELOPMENT_TEAM = HNHF89NYJP;
				INFOPLIST_FILE = Homepwner/Info.plist;
				LD_RUNPATH_SEARCH_PATHS = (
					"$(inherited)",
					"@executable_path/Frameworks",
				);
				PRODUCT_BUNDLE_IDENTIFIER = xh.zero.Homepwner;
				PRODUCT_NAME = "$(TARGET_NAME)";
				SWIFT_VERSION = 5.0;
				TARGETED_DEVICE_FAMILY = "1,2";
			};
			name = Debug;
		};
		B6190E8822B34CFF00302036 /* Release */ = {
			isa = XCBuildConfiguration;
			buildSettings = {
				ASSETCATALOG_COMPILER_APPICON_NAME = AppIcon;
				CODE_SIGN_STYLE = Automatic;
				DEVELOPMENT_TEAM = HNHF89NYJP;
				INFOPLIST_FILE = Homepwner/Info.plist;
				LD_RUNPATH_SEARCH_PATHS = (
					"$(inherited)",
					"@executable_path/Frameworks",
				);
				PRODUCT_BUNDLE_IDENTIFIER = xh.zero.Homepwner;
				PRODUCT_NAME = "$(TARGET_NAME)";
				SWIFT_VERSION = 5.0;
				TARGETED_DEVICE_FAMILY = "1,2";
			};
			name = Release;
		};
		B6190E8A22B34CFF00302036 /* Debug */ = {
			isa = XCBuildConfiguration;
			buildSettings = {
				ALWAYS_EMBED_SWIFT_STANDARD_LIBRARIES = YES;
				BUNDLE_LOADER = "$(TEST_HOST)";
				CODE_SIGN_STYLE = Automatic;
				DEVELOPMENT_TEAM = HNHF89NYJP;
				INFOPLIST_FILE = HomepwnerTests/Info.plist;
				LD_RUNPATH_SEARCH_PATHS = (
					"$(inherited)",
					"@executable_path/Frameworks",
					"@loader_path/Frameworks",
				);
				PRODUCT_BUNDLE_IDENTIFIER = xh.zero.HomepwnerTests;
				PRODUCT_NAME = "$(TARGET_NAME)";
				SWIFT_VERSION = 5.0;
				TARGETED_DEVICE_FAMILY = "1,2";
				TEST_HOST = "$(BUILT_PRODUCTS_DIR)/Homepwner.app/Homepwner";
			};
			name = Debug;
		};
		B6190E8B22B34CFF00302036 /* Release */ = {
			isa = XCBuildConfiguration;
			buildSettings = {
				ALWAYS_EMBED_SWIFT_STANDARD_LIBRARIES = YES;
				BUNDLE_LOADER = "$(TEST_HOST)";
				CODE_SIGN_STYLE = Automatic;
				DEVELOPMENT_TEAM = HNHF89NYJP;
				INFOPLIST_FILE = HomepwnerTests/Info.plist;
				LD_RUNPATH_SEARCH_PATHS = (
					"$(inherited)",
					"@executable_path/Frameworks",
					"@loader_path/Frameworks",
				);
				PRODUCT_BUNDLE_IDENTIFIER = xh.zero.HomepwnerTests;
				PRODUCT_NAME = "$(TARGET_NAME)";
				SWIFT_VERSION = 5.0;
				TARGETED_DEVICE_FAMILY = "1,2";
				TEST_HOST = "$(BUILT_PRODUCTS_DIR)/Homepwner.app/Homepwner";
			};
			name = Release;
		};
		B6190E8D22B34CFF00302036 /* Debug */ = {
			isa = XCBuildConfiguration;
			buildSettings = {
				ALWAYS_EMBED_SWIFT_STANDARD_LIBRARIES = YES;
				CODE_SIGN_STYLE = Automatic;
				DEVELOPMENT_TEAM = HNHF89NYJP;
				INFOPLIST_FILE = HomepwnerUITests/Info.plist;
				LD_RUNPATH_SEARCH_PATHS = (
					"$(inherited)",
					"@executable_path/Frameworks",
					"@loader_path/Frameworks",
				);
				PRODUCT_BUNDLE_IDENTIFIER = xh.zero.HomepwnerUITests;
				PRODUCT_NAME = "$(TARGET_NAME)";
				SWIFT_VERSION = 5.0;
				TARGETED_DEVICE_FAMILY = "1,2";
				TEST_TARGET_NAME = Homepwner;
			};
			name = Debug;
		};
		B6190E8E22B34CFF00302036 /* Release */ = {
			isa = XCBuildConfiguration;
			buildSettings = {
				ALWAYS_EMBED_SWIFT_STANDARD_LIBRARIES = YES;
				CODE_SIGN_STYLE = Automatic;
				DEVELOPMENT_TEAM = HNHF89NYJP;
				INFOPLIST_FILE = HomepwnerUITests/Info.plist;
				LD_RUNPATH_SEARCH_PATHS = (
					"$(inherited)",
					"@executable_path/Frameworks",
					"@loader_path/Frameworks",
				);
				PRODUCT_BUNDLE_IDENTIFIER = xh.zero.HomepwnerUITests;
				PRODUCT_NAME = "$(TARGET_NAME)";
				SWIFT_VERSION = 5.0;
				TARGETED_DEVICE_FAMILY = "1,2";
				TEST_TARGET_NAME = Homepwner;
			};
			name = Release;
		};
/* End XCBuildConfiguration section */

/* Begin XCConfigurationList section */
		B6190E5922B34CFF00302036 /* Build configuration list for PBXProject "Homepwner" */ = {
			isa = XCConfigurationList;
			buildConfigurations = (
				B6190E8422B34CFF00302036 /* Debug */,
				B6190E8522B34CFF00302036 /* Release */,
			);
			defaultConfigurationIsVisible = 0;
			defaultConfigurationName = Release;
		};
		B6190E8622B34CFF00302036 /* Build configuration list for PBXNativeTarget "Homepwner" */ = {
			isa = XCConfigurationList;
			buildConfigurations = (
				B6190E8722B34CFF00302036 /* Debug */,
				B6190E8822B34CFF00302036 /* Release */,
			);
			defaultConfigurationIsVisible = 0;
			defaultConfigurationName = Release;
		};
		B6190E8922B34CFF00302036 /* Build configuration list for PBXNativeTarget "HomepwnerTests" */ = {
			isa = XCConfigurationList;
			buildConfigurations = (
				B6190E8A22B34CFF00302036 /* Debug */,
				B6190E8B22B34CFF00302036 /* Release */,
			);
			defaultConfigurationIsVisible = 0;
			defaultConfigurationName = Release;
		};
		B6190E8C22B34CFF00302036 /* Build configuration list for PBXNativeTarget "HomepwnerUITests" */ = {
			isa = XCConfigurationList;
			buildConfigurations = (
				B6190E8D22B34CFF00302036 /* Debug */,
				B6190E8E22B34CFF00302036 /* Release */,
			);
			defaultConfigurationIsVisible = 0;
			defaultConfigurationName = Release;
		};
/* End XCConfigurationList section */
	};
	rootObject = B6190E5622B34CFF00302036 /* Project object */;
}
